// !$*UTF8*$!
{
	archiveVersion = 1;
	classes = {
	};
	objectVersion = 46;
	objects = {

/* Begin PBXBuildFile section */
		14C5D4421ED43D9900FAFE74 /* main.m in Sources */ = {isa = PBXBuildFile; fileRef = 14C5D4411ED43D9900FAFE74 /* main.m */; };
		14C5D4451ED43D9900FAFE74 /* AppDelegate.m in Sources */ = {isa = PBXBuildFile; fileRef = 14C5D4441ED43D9900FAFE74 /* AppDelegate.m */; };
		14C5D4481ED43D9900FAFE74 /* ViewController.m in Sources */ = {isa = PBXBuildFile; fileRef = 14C5D4471ED43D9900FAFE74 /* ViewController.m */; };
		14C5D44B1ED43D9900FAFE74 /* Main.storyboard in Resources */ = {isa = PBXBuildFile; fileRef = 14C5D4491ED43D9900FAFE74 /* Main.storyboard */; };
		14C5D44D1ED43D9900FAFE74 /* Assets.xcassets in Resources */ = {isa = PBXBuildFile; fileRef = 14C5D44C1ED43D9900FAFE74 /* Assets.xcassets */; };
		14C5D4501ED43D9900FAFE74 /* LaunchScreen.storyboard in Resources */ = {isa = PBXBuildFile; fileRef = 14C5D44E1ED43D9900FAFE74 /* LaunchScreen.storyboard */; };
		14C5D45B1ED43D9A00FAFE74 /* ImageViewTurnsTests.m in Sources */ = {isa = PBXBuildFile; fileRef = 14C5D45A1ED43D9A00FAFE74 /* ImageViewTurnsTests.m */; };
		14C5D4661ED43D9A00FAFE74 /* ImageViewTurnsUITests.m in Sources */ = {isa = PBXBuildFile; fileRef = 14C5D4651ED43D9A00FAFE74 /* ImageViewTurnsUITests.m */; };
		14C5D4761ED4433700FAFE74 /* ImageTurnsView.m in Sources */ = {isa = PBXBuildFile; fileRef = 14C5D4741ED4433700FAFE74 /* ImageTurnsView.m */; };
		14C5D47A1ED4443700FAFE74 /* JQPageControl.m in Sources */ = {isa = PBXBuildFile; fileRef = 14C5D4791ED4443700FAFE74 /* JQPageControl.m */; };
/* End PBXBuildFile section */

/* Begin PBXContainerItemProxy section */
		14C5D4571ED43D9A00FAFE74 /* PBXContainerItemProxy */ = {
			isa = PBXContainerItemProxy;
			containerPortal = 14C5D4351ED43D9900FAFE74 /* Project object */;
			proxyType = 1;
			remoteGlobalIDString = 14C5D43C1ED43D9900FAFE74;
			remoteInfo = ImageViewTurns;
		};
		14C5D4621ED43D9A00FAFE74 /* PBXContainerItemProxy */ = {
			isa = PBXContainerItemProxy;
			containerPortal = 14C5D4351ED43D9900FAFE74 /* Project object */;
			proxyType = 1;
			remoteGlobalIDString = 14C5D43C1ED43D9900FAFE74;
			remoteInfo = ImageViewTurns;
		};
/* End PBXContainerItemProxy section */

/* Begin PBXFileReference section */
		14C5D43D1ED43D9900FAFE74 /* ImageViewTurns.app */ = {isa = PBXFileReference; explicitFileType = wrapper.application; includeInIndex = 0; path = ImageViewTurns.app; sourceTree = BUILT_PRODUCTS_DIR; };
		14C5D4411ED43D9900FAFE74 /* main.m */ = {isa = PBXFileReference; lastKnownFileType = sourcecode.c.objc; path = main.m; sourceTree = "<group>"; };
		14C5D4431ED43D9900FAFE74 /* AppDelegate.h */ = {isa = PBXFileReference; lastKnownFileType = sourcecode.c.h; path = AppDelegate.h; sourceTree = "<group>"; };
		14C5D4441ED43D9900FAFE74 /* AppDelegate.m */ = {isa = PBXFileReference; lastKnownFileType = sourcecode.c.objc; path = AppDelegate.m; sourceTree = "<group>"; };
		14C5D4461ED43D9900FAFE74 /* ViewController.h */ = {isa = PBXFileReference; lastKnownFileType = sourcecode.c.h; path = ViewController.h; sourceTree = "<group>"; };
		14C5D4471ED43D9900FAFE74 /* ViewController.m */ = {isa = PBXFileReference; lastKnownFileType = sourcecode.c.objc; path = ViewController.m; sourceTree = "<group>"; };
		14C5D44A1ED43D9900FAFE74 /* Base */ = {isa = PBXFileReference; lastKnownFileType = file.storyboard; name = Base; path = Base.lproj/Main.storyboard; sourceTree = "<group>"; };
		14C5D44C1ED43D9900FAFE74 /* Assets.xcassets */ = {isa = PBXFileReference; lastKnownFileType = folder.assetcatalog; path = Assets.xcassets; sourceTree = "<group>"; };
		14C5D44F1ED43D9900FAFE74 /* Base */ = {isa = PBXFileReference; lastKnownFileType = file.storyboard; name = Base; path = Base.lproj/LaunchScreen.storyboard; sourceTree = "<group>"; };
		14C5D4511ED43D9900FAFE74 /* Info.plist */ = {isa = PBXFileReference; lastKnownFileType = text.plist.xml; path = Info.plist; sourceTree = "<group>"; };
		14C5D4561ED43D9A00FAFE74 /* ImageViewTurnsTests.xctest */ = {isa = PBXFileReference; explicitFileType = wrapper.cfbundle; includeInIndex = 0; path = ImageViewTurnsTests.xctest; sourceTree = BUILT_PRODUCTS_DIR; };
		14C5D45A1ED43D9A00FAFE74 /* ImageViewTurnsTests.m */ = {isa = PBXFileReference; lastKnownFileType = sourcecode.c.objc; path = ImageViewTurnsTests.m; sourceTree = "<group>"; };
		14C5D45C1ED43D9A00FAFE74 /* Info.plist */ = {isa = PBXFileReference; lastKnownFileType = text.plist.xml; path = Info.plist; sourceTree = "<group>"; };
		14C5D4611ED43D9A00FAFE74 /* ImageViewTurnsUITests.xctest */ = {isa = PBXFileReference; explicitFileType = wrapper.cfbundle; includeInIndex = 0; path = ImageViewTurnsUITests.xctest; sourceTree = BUILT_PRODUCTS_DIR; };
		14C5D4651ED43D9A00FAFE74 /* ImageViewTurnsUITests.m */ = {isa = PBXFileReference; lastKnownFileType = sourcecode.c.objc; path = ImageViewTurnsUITests.m; sourceTree = "<group>"; };
		14C5D4671ED43D9A00FAFE74 /* Info.plist */ = {isa = PBXFileReference; lastKnownFileType = text.plist.xml; path = Info.plist; sourceTree = "<group>"; };
		14C5D4741ED4433700FAFE74 /* ImageTurnsView.m */ = {isa = PBXFileReference; fileEncoding = 4; lastKnownFileType = sourcecode.c.objc; path = ImageTurnsView.m; sourceTree = "<group>"; };
		14C5D4751ED4433700FAFE74 /* ImageTurnsView.h */ = {isa = PBXFileReference; fileEncoding = 4; lastKnownFileType = sourcecode.c.h; path = ImageTurnsView.h; sourceTree = "<group>"; };
		14C5D4781ED4443700FAFE74 /* JQPageControl.h */ = {isa = PBXFileReference; fileEncoding = 4; lastKnownFileType = sourcecode.c.h; path = JQPageControl.h; sourceTree = "<group>"; };
		14C5D4791ED4443700FAFE74 /* JQPageControl.m */ = {isa = PBXFileReference; fileEncoding = 4; lastKnownFileType = sourcecode.c.objc; path = JQPageControl.m; sourceTree = "<group>"; };
/* End PBXFileReference section */

/* Begin PBXFrameworksBuildPhase section */
		14C5D43A1ED43D9900FAFE74 /* Frameworks */ = {
			isa = PBXFrameworksBuildPhase;
			buildActionMask = 2147483647;
			files = (
			);
			runOnlyForDeploymentPostprocessing = 0;
		};
		14C5D4531ED43D9A00FAFE74 /* Frameworks */ = {
			isa = PBXFrameworksBuildPhase;
			buildActionMask = 2147483647;
			files = (
			);
			runOnlyForDeploymentPostprocessing = 0;
		};
		14C5D45E1ED43D9A00FAFE74 /* Frameworks */ = {
			isa = PBXFrameworksBuildPhase;
			buildActionMask = 2147483647;
			files = (
			);
			runOnlyForDeploymentPostprocessing = 0;
		};
/* End PBXFrameworksBuildPhase section */

/* Begin PBXGroup section */
		14C5D4341ED43D9900FAFE74 = {
			isa = PBXGroup;
			children = (
				14C5D43F1ED43D9900FAFE74 /* ImageViewTurns */,
				14C5D4591ED43D9A00FAFE74 /* ImageViewTurnsTests */,
				14C5D4641ED43D9A00FAFE74 /* ImageViewTurnsUITests */,
				14C5D43E1ED43D9900FAFE74 /* Products */,
			);
			sourceTree = "<group>";
		};
		14C5D43E1ED43D9900FAFE74 /* Products */ = {
			isa = PBXGroup;
			children = (
				14C5D43D1ED43D9900FAFE74 /* ImageViewTurns.app */,
				14C5D4561ED43D9A00FAFE74 /* ImageViewTurnsTests.xctest */,
				14C5D4611ED43D9A00FAFE74 /* ImageViewTurnsUITests.xctest */,
			);
			name = Products;
			sourceTree = "<group>";
		};
		14C5D43F1ED43D9900FAFE74 /* ImageViewTurns */ = {
			isa = PBXGroup;
			children = (
				14C5D4731ED4432F00FAFE74 /* ImageTurns */,
				14C5D4431ED43D9900FAFE74 /* AppDelegate.h */,
				14C5D4441ED43D9900FAFE74 /* AppDelegate.m */,
				14C5D4461ED43D9900FAFE74 /* ViewController.h */,
				14C5D4471ED43D9900FAFE74 /* ViewController.m */,
				14C5D4491ED43D9900FAFE74 /* Main.storyboard */,
				14C5D44C1ED43D9900FAFE74 /* Assets.xcassets */,
				14C5D44E1ED43D9900FAFE74 /* LaunchScreen.storyboard */,
				14C5D4511ED43D9900FAFE74 /* Info.plist */,
				14C5D4401ED43D9900FAFE74 /* Supporting Files */,
			);
			path = ImageViewTurns;
			sourceTree = "<group>";
		};
		14C5D4401ED43D9900FAFE74 /* Supporting Files */ = {
			isa = PBXGroup;
			children = (
				14C5D4411ED43D9900FAFE74 /* main.m */,
			);
			name = "Supporting Files";
			sourceTree = "<group>";
		};
		14C5D4591ED43D9A00FAFE74 /* ImageViewTurnsTests */ = {
			isa = PBXGroup;
			children = (
				14C5D45A1ED43D9A00FAFE74 /* ImageViewTurnsTests.m */,
				14C5D45C1ED43D9A00FAFE74 /* Info.plist */,
			);
			path = ImageViewTurnsTests;
			sourceTree = "<group>";
		};
		14C5D4641ED43D9A00FAFE74 /* ImageViewTurnsUITests */ = {
			isa = PBXGroup;
			children = (
				14C5D4651ED43D9A00FAFE74 /* ImageViewTurnsUITests.m */,
				14C5D4671ED43D9A00FAFE74 /* Info.plist */,
			);
			path = ImageViewTurnsUITests;
			sourceTree = "<group>";
		};
		14C5D4731ED4432F00FAFE74 /* ImageTurns */ = {
			isa = PBXGroup;
			children = (
				14C5D4751ED4433700FAFE74 /* ImageTurnsView.h */,
				14C5D4741ED4433700FAFE74 /* ImageTurnsView.m */,
				14C5D4771ED4443700FAFE74 /* CustomPageControl */,
			);
			path = ImageTurns;
			sourceTree = "<group>";
		};
		14C5D4771ED4443700FAFE74 /* CustomPageControl */ = {
			isa = PBXGroup;
			children = (
				14C5D4781ED4443700FAFE74 /* JQPageControl.h */,
				14C5D4791ED4443700FAFE74 /* JQPageControl.m */,
			);
			path = CustomPageControl;
			sourceTree = "<group>";
		};
/* End PBXGroup section */

/* Begin PBXNativeTarget section */
		14C5D43C1ED43D9900FAFE74 /* ImageViewTurns */ = {
			isa = PBXNativeTarget;
			buildConfigurationList = 14C5D46A1ED43D9A00FAFE74 /* Build configuration list for PBXNativeTarget "ImageViewTurns" */;
			buildPhases = (
				14C5D4391ED43D9900FAFE74 /* Sources */,
				14C5D43A1ED43D9900FAFE74 /* Frameworks */,
				14C5D43B1ED43D9900FAFE74 /* Resources */,
			);
			buildRules = (
			);
			dependencies = (
			);
			name = ImageViewTurns;
			productName = ImageViewTurns;
			productReference = 14C5D43D1ED43D9900FAFE74 /* ImageViewTurns.app */;
			productType = "com.apple.product-type.application";
		};
		14C5D4551ED43D9A00FAFE74 /* ImageViewTurnsTests */ = {
			isa = PBXNativeTarget;
			buildConfigurationList = 14C5D46D1ED43D9A00FAFE74 /* Build configuration list for PBXNativeTarget "ImageViewTurnsTests" */;
			buildPhases = (
				14C5D4521ED43D9A00FAFE74 /* Sources */,
				14C5D4531ED43D9A00FAFE74 /* Frameworks */,
				14C5D4541ED43D9A00FAFE74 /* Resources */,
			);
			buildRules = (
			);
			dependencies = (
				14C5D4581ED43D9A00FAFE74 /* PBXTargetDependency */,
			);
			name = ImageViewTurnsTests;
			productName = ImageViewTurnsTests;
			productReference = 14C5D4561ED43D9A00FAFE74 /* ImageViewTurnsTests.xctest */;
			productType = "com.apple.product-type.bundle.unit-test";
		};
		14C5D4601ED43D9A00FAFE74 /* ImageViewTurnsUITests */ = {
			isa = PBXNativeTarget;
			buildConfigurationList = 14C5D4701ED43D9A00FAFE74 /* Build configuration list for PBXNativeTarget "ImageViewTurnsUITests" */;
			buildPhases = (
				14C5D45D1ED43D9A00FAFE74 /* Sources */,
				14C5D45E1ED43D9A00FAFE74 /* Frameworks */,
				14C5D45F1ED43D9A00FAFE74 /* Resources */,
			);
			buildRules = (
			);
			dependencies = (
				14C5D4631ED43D9A00FAFE74 /* PBXTargetDependency */,
			);
			name = ImageViewTurnsUITests;
			productName = ImageViewTurnsUITests;
			productReference = 14C5D4611ED43D9A00FAFE74 /* ImageViewTurnsUITests.xctest */;
			productType = "com.apple.product-type.bundle.ui-testing";
		};
/* End PBXNativeTarget section */

/* Begin PBXProject section */
		14C5D4351ED43D9900FAFE74 /* Project object */ = {
			isa = PBXProject;
			attributes = {
				LastUpgradeCheck = 0830;
				ORGANIZATIONNAME = chengzhen;
				TargetAttributes = {
					14C5D43C1ED43D9900FAFE74 = {
						CreatedOnToolsVersion = 8.3.1;
						ProvisioningStyle = Automatic;
					};
					14C5D4551ED43D9A00FAFE74 = {
						CreatedOnToolsVersion = 8.3.1;
						ProvisioningStyle = Automatic;
						TestTargetID = 14C5D43C1ED43D9900FAFE74;
					};
					14C5D4601ED43D9A00FAFE74 = {
						CreatedOnToolsVersion = 8.3.1;
						ProvisioningStyle = Automatic;
						TestTargetID = 14C5D43C1ED43D9900FAFE74;
					};
				};
			};
			buildConfigurationList = 14C5D4381ED43D9900FAFE74 /* Build configuration list for PBXProject "ImageViewTurns" */;
			compatibilityVersion = "Xcode 3.2";
			developmentRegion = English;
			hasScannedForEncodings = 0;
			knownRegions = (
				en,
				Base,
			);
			mainGroup = 14C5D4341ED43D9900FAFE74;
			productRefGroup = 14C5D43E1ED43D9900FAFE74 /* Products */;
			projectDirPath = "";
			projectRoot = "";
			targets = (
				14C5D43C1ED43D9900FAFE74 /* ImageViewTurns */,
				14C5D4551ED43D9A00FAFE74 /* ImageViewTurnsTests */,
				14C5D4601ED43D9A00FAFE74 /* ImageViewTurnsUITests */,
			);
		};
/* End PBXProject section */

/* Begin PBXResourcesBuildPhase section */
		14C5D43B1ED43D9900FAFE74 /* Resources */ = {
			isa = PBXResourcesBuildPhase;
			buildActionMask = 2147483647;
			files = (
				14C5D4501ED43D9900FAFE74 /* LaunchScreen.storyboard in Resources */,
				14C5D44D1ED43D9900FAFE74 /* Assets.xcassets in Resources */,
				14C5D44B1ED43D9900FAFE74 /* Main.storyboard in Resources */,
			);
			runOnlyForDeploymentPostprocessing = 0;
		};
		14C5D4541ED43D9A00FAFE74 /* Resources */ = {
			isa = PBXResourcesBuildPhase;
			buildActionMask = 2147483647;
			files = (
			);
			runOnlyForDeploymentPostprocessing = 0;
		};
		14C5D45F1ED43D9A00FAFE74 /* Resources */ = {
			isa = PBXResourcesBuildPhase;
			buildActionMask = 2147483647;
			files = (
			);
			runOnlyForDeploymentPostprocessing = 0;
		};
/* End PBXResourcesBuildPhase section */

/* Begin PBXSourcesBuildPhase section */
		14C5D4391ED43D9900FAFE74 /* Sources */ = {
			isa = PBXSourcesBuildPhase;
			buildActionMask = 2147483647;
			files = (
				14C5D4481ED43D9900FAFE74 /* ViewController.m in Sources */,
				14C5D47A1ED4443700FAFE74 /* JQPageControl.m in Sources */,
				14C5D4761ED4433700FAFE74 /* ImageTurnsView.m in Sources */,
				14C5D4451ED43D9900FAFE74 /* AppDelegate.m in Sources */,
				14C5D4421ED43D9900FAFE74 /* main.m in Sources */,
			);
			runOnlyForDeploymentPostprocessing = 0;
		};
		14C5D4521ED43D9A00FAFE74 /* Sources */ = {
			isa = PBXSourcesBuildPhase;
			buildActionMask = 2147483647;
			files = (
				14C5D45B1ED43D9A00FAFE74 /* ImageViewTurnsTests.m in Sources */,
			);
			runOnlyForDeploymentPostprocessing = 0;
		};
		14C5D45D1ED43D9A00FAFE74 /* Sources */ = {
			isa = PBXSourcesBuildPhase;
			buildActionMask = 2147483647;
			files = (
				14C5D4661ED43D9A00FAFE74 /* ImageViewTurnsUITests.m in Sources */,
			);
			runOnlyForDeploymentPostprocessing = 0;
		};
/* End PBXSourcesBuildPhase section */

/* Begin PBXTargetDependency section */
		14C5D4581ED43D9A00FAFE74 /* PBXTargetDependency */ = {
			isa = PBXTargetDependency;
			target = 14C5D43C1ED43D9900FAFE74 /* ImageViewTurns */;
			targetProxy = 14C5D4571ED43D9A00FAFE74 /* PBXContainerItemProxy */;
		};
		14C5D4631ED43D9A00FAFE74 /* PBXTargetDependency */ = {
			isa = PBXTargetDependency;
			target = 14C5D43C1ED43D9900FAFE74 /* ImageViewTurns */;
			targetProxy = 14C5D4621ED43D9A00FAFE74 /* PBXContainerItemProxy */;
		};
/* End PBXTargetDependency section */

/* Begin PBXVariantGroup section */
		14C5D4491ED43D9900FAFE74 /* Main.storyboard */ = {
			isa = PBXVariantGroup;
			children = (
				14C5D44A1ED43D9900FAFE74 /* Base */,
			);
			name = Main.storyboard;
			sourceTree = "<group>";
		};
		14C5D44E1ED43D9900FAFE74 /* LaunchScreen.storyboard */ = {
			isa = PBXVariantGroup;
			children = (
				14C5D44F1ED43D9900FAFE74 /* Base */,
			);
			name = LaunchScreen.storyboard;
			sourceTree = "<group>";
		};
/* End PBXVariantGroup section */

/* Begin XCBuildConfiguration section */
		14C5D4681ED43D9A00FAFE74 /* Debug */ = {
			isa = XCBuildConfiguration;
			buildSettings = {
				ALWAYS_SEARCH_USER_PATHS = NO;
				CLANG_ANALYZER_NONNULL = YES;
				CLANG_ANALYZER_NUMBER_OBJECT_CONVERSION = YES_AGGRESSIVE;
				CLANG_CXX_LANGUAGE_STANDARD = "gnu++0x";
				CLANG_CXX_LIBRARY = "libc++";
				CLANG_ENABLE_MODULES = YES;
				CLANG_ENABLE_OBJC_ARC = YES;
				CLANG_WARN_BOOL_CONVERSION = YES;
				CLANG_WARN_CONSTANT_CONVERSION = YES;
				CLANG_WARN_DIRECT_OBJC_ISA_USAGE = YES_ERROR;
				CLANG_WARN_DOCUMENTATION_COMMENTS = YES;
				CLANG_WARN_EMPTY_BODY = YES;
				CLANG_WARN_ENUM_CONVERSION = YES;
				CLANG_WARN_INFINITE_RECURSION = YES;
				CLANG_WARN_INT_CONVERSION = YES;
				CLANG_WARN_OBJC_ROOT_CLASS = YES_ERROR;
				CLANG_WARN_SUSPICIOUS_MOVE = YES;
				CLANG_WARN_UNREACHABLE_CODE = YES;
				CLANG_WARN__DUPLICATE_METHOD_MATCH = YES;
				"CODE_SIGN_IDENTITY[sdk=iphoneos*]" = "iPhone Developer";
				COPY_PHASE_STRIP = NO;
				DEBUG_INFORMATION_FORMAT = dwarf;
				ENABLE_STRICT_OBJC_MSGSEND = YES;
				ENABLE_TESTABILITY = YES;
				GCC_C_LANGUAGE_STANDARD = gnu99;
				GCC_DYNAMIC_NO_PIC = NO;
				GCC_NO_COMMON_BLOCKS = YES;
				GCC_OPTIMIZATION_LEVEL = 0;
				GCC_PREPROCESSOR_DEFINITIONS = (
					"DEBUG=1",
					"$(inherited)",
				);
				GCC_WARN_64_TO_32_BIT_CONVERSION = YES;
				GCC_WARN_ABOUT_RETURN_TYPE = YES_ERROR;
				GCC_WARN_UNDECLARED_SELECTOR = YES;
				GCC_WARN_UNINITIALIZED_AUTOS = YES_AGGRESSIVE;
				GCC_WARN_UNUSED_FUNCTION = YES;
				GCC_WARN_UNUSED_VARIABLE = YES;
				IPHONEOS_DEPLOYMENT_TARGET = 10.3;
				MTL_ENABLE_DEBUG_INFO = YES;
				ONLY_ACTIVE_ARCH = YES;
				SDKROOT = iphoneos;
				TARGETED_DEVICE_FAMILY = "1,2";
			};
			name = Debug;
		};
		14C5D4691ED43D9A00FAFE74 /* Release */ = {
			isa = XCBuildConfiguration;
			buildSettings = {
				ALWAYS_SEARCH_USER_PATHS = NO;
				CLANG_ANALYZER_NONNULL = YES;
				CLANG_ANALYZER_NUMBER_OBJECT_CONVERSION = YES_AGGRESSIVE;
				CLANG_CXX_LANGUAGE_STANDARD = "gnu++0x";
				CLANG_CXX_LIBRARY = "libc++";
				CLANG_ENABLE_MODULES = YES;
				CLANG_ENABLE_OBJC_ARC = YES;
				CLANG_WARN_BOOL_CONVERSION = YES;
				CLANG_WARN_CONSTANT_CONVERSION = YES;
				CLANG_WARN_DIRECT_OBJC_ISA_USAGE = YES_ERROR;
				CLANG_WARN_DOCUMENTATION_COMMENTS = YES;
				CLANG_WARN_EMPTY_BODY = YES;
				CLANG_WARN_ENUM_CONVERSION = YES;
				CLANG_WARN_INFINITE_RECURSION = YES;
				CLANG_WARN_INT_CONVERSION = YES;
				CLANG_WARN_OBJC_ROOT_CLASS = YES_ERROR;
				CLANG_WARN_SUSPICIOUS_MOVE = YES;
				CLANG_WARN_UNREACHABLE_CODE = YES;
				CLANG_WARN__DUPLICATE_METHOD_MATCH = YES;
				"CODE_SIGN_IDENTITY[sdk=iphoneos*]" = "iPhone Developer";
				COPY_PHASE_STRIP = NO;
				DEBUG_INFORMATION_FORMAT = "dwarf-with-dsym";
				ENABLE_NS_ASSERTIONS = NO;
				ENABLE_STRICT_OBJC_MSGSEND = YES;
				GCC_C_LANGUAGE_STANDARD = gnu99;
				GCC_NO_COMMON_BLOCKS = YES;
				GCC_WARN_64_TO_32_BIT_CONVERSION = YES;
				GCC_WARN_ABOUT_RETURN_TYPE = YES_ERROR;
				GCC_WARN_UNDECLARED_SELECTOR = YES;
				GCC_WARN_UNINITIALIZED_AUTOS = YES_AGGRESSIVE;
				GCC_WARN_UNUSED_FUNCTION = YES;
				GCC_WARN_UNUSED_VARIABLE = YES;
				IPHONEOS_DEPLOYMENT_TARGET = 10.3;
				MTL_ENABLE_DEBUG_INFO = NO;
				SDKROOT = iphoneos;
				TARGETED_DEVICE_FAMILY = "1,2";
				VALIDATE_PRODUCT = YES;
			};
			name = Release;
		};
		14C5D46B1ED43D9A00FAFE74 /* Debug */ = {
			isa = XCBuildConfiguration;
			buildSettings = {
				ASSETCATALOG_COMPILER_APPICON_NAME = AppIcon;
				INFOPLIST_FILE = ImageViewTurns/Info.plist;
				LD_RUNPATH_SEARCH_PATHS = "$(inherited) @executable_path/Frameworks";
				PRODUCT_BUNDLE_IDENTIFIER = com.chengzhen.ImageViewTurns;
				PRODUCT_NAME = "$(TARGET_NAME)";
			};
			name = Debug;
		};
		14C5D46C1ED43D9A00FAFE74 /* Release */ = {
			isa = XCBuildConfiguration;
			buildSettings = {
				ASSETCATALOG_COMPILER_APPICON_NAME = AppIcon;
				INFOPLIST_FILE = ImageViewTurns/Info.plist;
				LD_RUNPATH_SEARCH_PATHS = "$(inherited) @executable_path/Frameworks";
				PRODUCT_BUNDLE_IDENTIFIER = com.chengzhen.ImageViewTurns;
				PRODUCT_NAME = "$(TARGET_NAME)";
			};
			name = Release;
		};
		14C5D46E1ED43D9A00FAFE74 /* Debug */ = {
			isa = XCBuildConfiguration;
			buildSettings = {
				BUNDLE_LOADER = "$(TEST_HOST)";
				INFOPLIST_FILE = ImageViewTurnsTests/Info.plist;
				LD_RUNPATH_SEARCH_PATHS = "$(inherited) @executable_path/Frameworks @loader_path/Frameworks";
				PRODUCT_BUNDLE_IDENTIFIER = com.chengzhen.ImageViewTurnsTests;
				PRODUCT_NAME = "$(TARGET_NAME)";
				TEST_HOST = "$(BUILT_PRODUCTS_DIR)/ImageViewTurns.app/ImageViewTurns";
			};
			name = Debug;
		};
		14C5D46F1ED43D9A00FAFE74 /* Release */ = {
			isa = XCBuildConfiguration;
			buildSettings = {
				BUNDLE_LOADER = "$(TEST_HOST)";
				INFOPLIST_FILE = ImageViewTurnsTests/Info.plist;
				LD_RUNPATH_SEARCH_PATHS = "$(inherited) @executable_path/Frameworks @loader_path/Frameworks";
				PRODUCT_BUNDLE_IDENTIFIER = com.chengzhen.ImageViewTurnsTests;
				PRODUCT_NAME = "$(TARGET_NAME)";
				TEST_HOST = "$(BUILT_PRODUCTS_DIR)/ImageViewTurns.app/ImageViewTurns";
			};
			name = Release;
		};
		14C5D4711ED43D9A00FAFE74 /* Debug */ = {
			isa = XCBuildConfiguration;
			buildSettings = {
				INFOPLIST_FILE = ImageViewTurnsUITests/Info.plist;
				LD_RUNPATH_SEARCH_PATHS = "$(inherited) @executable_path/Frameworks @loader_path/Frameworks";
				PRODUCT_BUNDLE_IDENTIFIER = com.chengzhen.ImageViewTurnsUITests;
				PRODUCT_NAME = "$(TARGET_NAME)";
				TEST_TARGET_NAME = ImageViewTurns;
			};
			name = Debug;
		};
		14C5D4721ED43D9A00FAFE74 /* Release */ = {
			isa = XCBuildConfiguration;
			buildSettings = {
				INFOPLIST_FILE = ImageViewTurnsUITests/Info.plist;
				LD_RUNPATH_SEARCH_PATHS = "$(inherited) @executable_path/Frameworks @loader_path/Frameworks";
				PRODUCT_BUNDLE_IDENTIFIER = com.chengzhen.ImageViewTurnsUITests;
				PRODUCT_NAME = "$(TARGET_NAME)";
				TEST_TARGET_NAME = ImageViewTurns;
			};
			name = Release;
		};
/* End XCBuildConfiguration section */

/* Begin XCConfigurationList section */
		14C5D4381ED43D9900FAFE74 /* Build configuration list for PBXProject "ImageViewTurns" */ = {
			isa = XCConfigurationList;
			buildConfigurations = (
				14C5D4681ED43D9A00FAFE74 /* Debug */,
				14C5D4691ED43D9A00FAFE74 /* Release */,
			);
			defaultConfigurationIsVisible = 0;
			defaultConfigurationName = Release;
		};
		14C5D46A1ED43D9A00FAFE74 /* Build configuration list for PBXNativeTarget "ImageViewTurns" */ = {
			isa = XCConfigurationList;
			buildConfigurations = (
				14C5D46B1ED43D9A00FAFE74 /* Debug */,
				14C5D46C1ED43D9A00FAFE74 /* Release */,
			);
			defaultConfigurationIsVisible = 0;
			defaultConfigurationName = Release;
		};
		14C5D46D1ED43D9A00FAFE74 /* Build configuration list for PBXNativeTarget "ImageViewTurnsTests" */ = {
			isa = XCConfigurationList;
			buildConfigurations = (
				14C5D46E1ED43D9A00FAFE74 /* Debug */,
				14C5D46F1ED43D9A00FAFE74 /* Release */,
			);
			defaultConfigurationIsVisible = 0;
			defaultConfigurationName = Release;
		};
		14C5D4701ED43D9A00FAFE74 /* Build configuration list for PBXNativeTarget "ImageViewTurnsUITests" */ = {
			isa = XCConfigurationList;
			buildConfigurations = (
				14C5D4711ED43D9A00FAFE74 /* Debug */,
				14C5D4721ED43D9A00FAFE74 /* Release */,
			);
			defaultConfigurationIsVisible = 0;
			defaultConfigurationName = Release;
		};
/* End XCConfigurationList section */
	};
	rootObject = 14C5D4351ED43D9900FAFE74 /* Project object */;
}
